
Microsoft Visual Studio Solution File, Format Version 12.00
# Visual Studio Version 16
VisualStudioVersion = 16.0.30621.155
MinimumVisualStudioVersion = 10.0.40219.1
Project("{9A19103F-16F7-4668-BE54-9A1E7A4F7556}") = "ModelResult", "ModelResult\ModelResult.csproj", "{A3FDB681-6DC8-4276-8BEF-4D9B58BD6DFE}"
EndProject
Project("{FAE04EC0-301F-11D3-BF4B-00C04F79EFBC}") = "ModelResult.AspNetCore", "ModelResult.AspNetCore\ModelResult.AspNetCore.csproj", "{67DB2A89-8BB7-41A5-B044-B508590F0DDF}"
EndProject
Project("{2150E333-8FDC-42A3-9474-1A3956D46DE8}") = "Tests", "Tests", "{E2E949EC-D65B-4EA4-B25C-77AA2CC05B91}"
EndProject
Project("{FAE04EC0-301F-11D3-BF4B-00C04F79EFBC}") = "ModelResult.UnitTests", "..\test\ModelResult.UnitTests\ModelResult.UnitTests.csproj", "{77BD266E-F033-413F-B1AB-5DA0CA084E58}"
EndProject
Global
	GlobalSection(SolutionConfigurationPlatforms) = preSolution
		Debug|Any CPU = Debug|Any CPU
		Release|Any CPU = Release|Any CPU
	EndGlobalSection
	GlobalSection(ProjectConfigurationPlatforms) = postSolution
		{A3FDB681-6DC8-4276-8BEF-4D9B58BD6DFE}.Debug|Any CPU.ActiveCfg = Debug|Any CPU
		{A3FDB681-6DC8-4276-8BEF-4D9B58BD6DFE}.Debug|Any CPU.Build.0 = Debug|Any CPU
		{A3FDB681-6DC8-4276-8BEF-4D9B58BD6DFE}.Release|Any CPU.ActiveCfg = Release|Any CPU
		{A3FDB681-6DC8-4276-8BEF-4D9B58BD6DFE}.Release|Any CPU.Build.0 = Release|Any CPU
		{67DB2A89-8BB7-41A5-B044-B508590F0DDF}.Debug|Any CPU.ActiveCfg = Debug|Any CPU
		{67DB2A89-8BB7-41A5-B044-B508590F0DDF}.Debug|Any CPU.Build.0 = Debug|Any CPU
		{67DB2A89-8BB7-41A5-B044-B508590F0DDF}.Release|Any CPU.ActiveCfg = Release|Any CPU
		{67DB2A89-8BB7-41A5-B044-B508590F0DDF}.Release|Any CPU.Build.0 = Release|Any CPU
		{77BD266E-F033-413F-B1AB-5DA0CA084E58}.Debug|Any CPU.ActiveCfg = Debug|Any CPU
		{77BD266E-F033-413F-B1AB-5DA0CA084E58}.Debug|Any CPU.Build.0 = Debug|Any CPU
		{77BD266E-F033-413F-B1AB-5DA0CA084E58}.Release|Any CPU.ActiveCfg = Release|Any CPU
		{77BD266E-F033-413F-B1AB-5DA0CA084E58}.Release|Any CPU.Build.0 = Release|Any CPU
	EndGlobalSection
	GlobalSection(SolutionProperties) = preSolution
		HideSolutionNode = FALSE
	EndGlobalSection
	GlobalSection(NestedProjects) = preSolution
		{77BD266E-F033-413F-B1AB-5DA0CA084E58} = {E2E949EC-D65B-4EA4-B25C-77AA2CC05B91}
	EndGlobalSection
	GlobalSection(ExtensibilityGlobals) = postSolution
		SolutionGuid = {BE04068A-7CC6-4FDB-9687-9033748EA63E}
	EndGlobalSection
EndGlobal
